PODS:
  - Alamofire (4.5.1)
  - Realm (3.1.0):
    - Realm/Headers (= 3.1.0)
  - Realm/Headers (3.1.0)
  - RealmSwift (3.1.0):
    - Realm (= 3.1.0)
  - RxCocoa (4.1.1):
    - RxSwift (~> 4.0)
  - RxSwift (4.1.1)
  - SDWebImage (4.2.0):
    - SDWebImage/Core (= 4.2.0)
  - SDWebImage/Core (4.2.0)

DEPENDENCIES:
  - Alamofire (~> 4.5)
  - RealmSwift
  - RxCocoa (~> 4.0)
  - RxSwift (~> 4.0)
  - SDWebImage (~> 4.0)

SPEC CHECKSUMS:
  Alamofire: 2d95912bf4c34f164fdfc335872e8c312acaea4a
  Realm: 09513d7c054678d65cd02ce09871f805b0d758ac
  RealmSwift: e868fee9b10e5490ad94b6b6ecd9027944da1824
  RxCocoa: fd0862fd2df95fa55562ad28ffd2522c25eb4a85
  RxSwift: c6e3b1c7b325c7d121cd4327e9d98b7ed746b570
  SDWebImage: b1189fd85365c18434270a11a5cad13a1e848d53

PODFILE CHECKSUM: 435c79a31c0dffec1aba1b6dfad2283cf20347b8

COCOAPODS: 1.4.0
